
Microsoft Visual Studio Solution File, Format Version 12.00
# Visual Studio Version 16
VisualStudioVersion = 16.0.33214.272
MinimumVisualStudioVersion = 10.0.40219.1
Project("{8BC9CEB8-8B4A-11D0-8D11-00A0C91BC942}") = "ConsoleApplication1", "ConsoleApplication1.vcxproj", "{079A3BB3-755B-44A5-9186-CD5A3DF22A1E}"
EndProject
Global
	GlobalSection(SolutionConfigurationPlatforms) = preSolution
		Debug|x64 = Debug|x64
		Debug|x86 = Debug|x86
		Release|x64 = Release|x64
		Release|x86 = Release|x86
	EndGlobalSection
	GlobalSection(ProjectConfigurationPlatforms) = postSolution
		{079A3BB3-755B-44A5-9186-CD5A3DF22A1E}.Debug|x64.ActiveCfg = Debug|x64
		{079A3BB3-755B-44A5-9186-CD5A3DF22A1E}.Debug|x64.Build.0 = Debug|x64
		{079A3BB3-755B-44A5-9186-CD5A3DF22A1E}.Debug|x86.ActiveCfg = Debug|Win32
		{079A3BB3-755B-44A5-9186-CD5A3DF22A1E}.Debug|x86.Build.0 = Debug|Win32
		{079A3BB3-755B-44A5-9186-CD5A3DF22A1E}.Release|x64.ActiveCfg = Release|x64
		{079A3BB3-755B-44A5-9186-CD5A3DF22A1E}.Release|x64.Build.0 = Release|x64
		{079A3BB3-755B-44A5-9186-CD5A3DF22A1E}.Release|x86.ActiveCfg = Release|Win32
		{079A3BB3-755B-44A5-9186-CD5A3DF22A1E}.Release|x86.Build.0 = Release|Win32
	EndGlobalSection
	GlobalSection(SolutionProperties) = preSolution
		HideSolutionNode = FALSE
	EndGlobalSection
	GlobalSection(ExtensibilityGlobals) = postSolution
		SolutionGuid = {B10173F7-6B8B-452F-8161-608A49A08D96}
	EndGlobalSection
EndGlobal
